
Microsoft Visual Studio Solution File, Format Version 12.00
# Visual Studio 14
VisualStudioVersion = 14.0.25420.1
MinimumVisualStudioVersion = 10.0.40219.1
Project("{F184B08F-C81C-45F6-A57F-5ABD9991F28F}") = "weberhardex1b1", "weberhardex1b1\weberhardex1b1.vbproj", "{C69C1080-9BE2-41F8-9BAF-D0FC465279E3}"
EndProject
Project("{F184B08F-C81C-45F6-A57F-5ABD9991F28F}") = "weberhardex1c1", "weberhardex1c1\weberhardex1c1.vbproj", "{05C6126C-27CC-40AB-ABEB-ED4842FE58DE}"
EndProject
Project("{F184B08F-C81C-45F6-A57F-5ABD9991F28F}") = "weberhardex1d1", "weberhardex1d1\weberhardex1d1.vbproj", "{7691698E-10E6-4345-BDAA-97C98B4DAACE}"
EndProject
Project("{F184B08F-C81C-45F6-A57F-5ABD9991F28F}") = "weberhardex1e2", "weberhardex1e1\weberhardex1e2.vbproj", "{6561F37D-DF96-41A1-B742-827B6202DC59}"
EndProject
Project("{F184B08F-C81C-45F6-A57F-5ABD9991F28F}") = "weberhardex1f1", "weberhard1f1\weberhardex1f1.vbproj", "{2FB80F41-634F-4FBE-A6AE-553E7264B04C}"
EndProject
Project("{F184B08F-C81C-45F6-A57F-5ABD9991F28F}") = "weberhardex1g1", "weberhardex1g1\weberhardex1g1.vbproj", "{EC9F2680-8651-4EFA-B7C5-9B6C09C7475F}"
EndProject
Project("{F184B08F-C81C-45F6-A57F-5ABD9991F28F}") = "weberhardex1h1", "weberhard1h1\weberhardex1h1.vbproj", "{D3D676CE-7B9E-44F2-A7AA-F2F32AB00B0F}"
EndProject
Project("{F184B08F-C81C-45F6-A57F-5ABD9991F28F}") = "weberhard2a1", "weberhardex2a1\weberhard2a1.vbproj", "{09F2459E-F8DB-4483-8D2E-87CAAE9B26E3}"
EndProject
Project("{F184B08F-C81C-45F6-A57F-5ABD9991F28F}") = "weberhardex2b1", "weberhardex2b1\weberhardex2b1.vbproj", "{373E9780-4484-4BD9-8FB4-0035527AC457}"
EndProject
Project("{F184B08F-C81C-45F6-A57F-5ABD9991F28F}") = "weberhardex2b2", "weberhardex2b2\weberhardex2b2.vbproj", "{86E9666F-FCE8-4F27-B628-1228BDD9DC44}"
EndProject
Project("{F184B08F-C81C-45F6-A57F-5ABD9991F28F}") = "weberhardex2c1", "weberhardex2c1\weberhardex2c1.vbproj", "{269F2A4F-DD57-46DB-B33F-954D5FF718C6}"
EndProject
Project("{F184B08F-C81C-45F6-A57F-5ABD9991F28F}") = "weberhardex2d1", "weberhardex2d1\weberhardex2d1.vbproj", "{182EDE2F-7715-4E18-8BD9-744722EC2765}"
EndProject
Project("{F184B08F-C81C-45F6-A57F-5ABD9991F28F}") = "weberhardex2e1", "weberhardex2e1\weberhardex2e1.vbproj", "{ECDF3A95-670F-4FA4-8249-011A3256CC9A}"
EndProject
Project("{F184B08F-C81C-45F6-A57F-5ABD9991F28F}") = "Mistake", "..\..\..\..\..\Downloads\Visual Basic Files\VB2015\Chap04\Treeline Solution\Treeline Project\Mistake.vbproj", "{78F6264D-D898-4ADB-B04E-313E7B40952A}"
EndProject
Project("{F184B08F-C81C-45F6-A57F-5ABD9991F28F}") = "weberhardex2f1", "weberhardex2f1\weberhardex2f1.vbproj", "{325442E9-FA1F-420F-A209-E18A9234F2A1}"
EndProject
Project("{F184B08F-C81C-45F6-A57F-5ABD9991F28F}") = "weberhardex2g1", "weberhardex2g1\weberhardex2g1.vbproj", "{B448F313-7C90-44A9-AF5D-8632D3A0B73F}"
EndProject
Project("{F184B08F-C81C-45F6-A57F-5ABD9991F28F}") = "weberhardex2h1", "weberhardex2h1\weberhardex2h1.vbproj", "{A5477977-C743-40F3-80CC-C8BBD9819527}"
EndProject
Project("{F184B08F-C81C-45F6-A57F-5ABD9991F28F}") = "weberhardex2I1", "weberhardex2I1\weberhardex2I1.vbproj", "{D7CABEC8-6AFA-4283-B5D3-2F27229C5323}"
EndProject
Global
	GlobalSection(SolutionConfigurationPlatforms) = preSolution
		Debug|Any CPU = Debug|Any CPU
		Release|Any CPU = Release|Any CPU
	EndGlobalSection
	GlobalSection(ProjectConfigurationPlatforms) = postSolution
		{C69C1080-9BE2-41F8-9BAF-D0FC465279E3}.Debug|Any CPU.ActiveCfg = Debug|Any CPU
		{C69C1080-9BE2-41F8-9BAF-D0FC465279E3}.Debug|Any CPU.Build.0 = Debug|Any CPU
		{C69C1080-9BE2-41F8-9BAF-D0FC465279E3}.Release|Any CPU.ActiveCfg = Release|Any CPU
		{C69C1080-9BE2-41F8-9BAF-D0FC465279E3}.Release|Any CPU.Build.0 = Release|Any CPU
		{05C6126C-27CC-40AB-ABEB-ED4842FE58DE}.Debug|Any CPU.ActiveCfg = Debug|Any CPU
		{05C6126C-27CC-40AB-ABEB-ED4842FE58DE}.Debug|Any CPU.Build.0 = Debug|Any CPU
		{05C6126C-27CC-40AB-ABEB-ED4842FE58DE}.Release|Any CPU.ActiveCfg = Release|Any CPU
		{05C6126C-27CC-40AB-ABEB-ED4842FE58DE}.Release|Any CPU.Build.0 = Release|Any CPU
		{7691698E-10E6-4345-BDAA-97C98B4DAACE}.Debug|Any CPU.ActiveCfg = Debug|Any CPU
		{7691698E-10E6-4345-BDAA-97C98B4DAACE}.Debug|Any CPU.Build.0 = Debug|Any CPU
		{7691698E-10E6-4345-BDAA-97C98B4DAACE}.Release|Any CPU.ActiveCfg = Release|Any CPU
		{7691698E-10E6-4345-BDAA-97C98B4DAACE}.Release|Any CPU.Build.0 = Release|Any CPU
		{6561F37D-DF96-41A1-B742-827B6202DC59}.Debug|Any CPU.ActiveCfg = Debug|Any CPU
		{6561F37D-DF96-41A1-B742-827B6202DC59}.Debug|Any CPU.Build.0 = Debug|Any CPU
		{6561F37D-DF96-41A1-B742-827B6202DC59}.Release|Any CPU.ActiveCfg = Release|Any CPU
		{6561F37D-DF96-41A1-B742-827B6202DC59}.Release|Any CPU.Build.0 = Release|Any CPU
		{2FB80F41-634F-4FBE-A6AE-553E7264B04C}.Debug|Any CPU.ActiveCfg = Debug|Any CPU
		{2FB80F41-634F-4FBE-A6AE-553E7264B04C}.Debug|Any CPU.Build.0 = Debug|Any CPU
		{2FB80F41-634F-4FBE-A6AE-553E7264B04C}.Release|Any CPU.ActiveCfg = Release|Any CPU
		{2FB80F41-634F-4FBE-A6AE-553E7264B04C}.Release|Any CPU.Build.0 = Release|Any CPU
		{EC9F2680-8651-4EFA-B7C5-9B6C09C7475F}.Debug|Any CPU.ActiveCfg = Debug|Any CPU
		{EC9F2680-8651-4EFA-B7C5-9B6C09C7475F}.Debug|Any CPU.Build.0 = Debug|Any CPU
		{EC9F2680-8651-4EFA-B7C5-9B6C09C7475F}.Release|Any CPU.ActiveCfg = Release|Any CPU
		{EC9F2680-8651-4EFA-B7C5-9B6C09C7475F}.Release|Any CPU.Build.0 = Release|Any CPU
		{D3D676CE-7B9E-44F2-A7AA-F2F32AB00B0F}.Debug|Any CPU.ActiveCfg = Debug|Any CPU
		{D3D676CE-7B9E-44F2-A7AA-F2F32AB00B0F}.Debug|Any CPU.Build.0 = Debug|Any CPU
		{D3D676CE-7B9E-44F2-A7AA-F2F32AB00B0F}.Release|Any CPU.ActiveCfg = Release|Any CPU
		{D3D676CE-7B9E-44F2-A7AA-F2F32AB00B0F}.Release|Any CPU.Build.0 = Release|Any CPU
		{09F2459E-F8DB-4483-8D2E-87CAAE9B26E3}.Debug|Any CPU.ActiveCfg = Debug|Any CPU
		{09F2459E-F8DB-4483-8D2E-87CAAE9B26E3}.Debug|Any CPU.Build.0 = Debug|Any CPU
		{09F2459E-F8DB-4483-8D2E-87CAAE9B26E3}.Release|Any CPU.ActiveCfg = Release|Any CPU
		{09F2459E-F8DB-4483-8D2E-87CAAE9B26E3}.Release|Any CPU.Build.0 = Release|Any CPU
		{373E9780-4484-4BD9-8FB4-0035527AC457}.Debug|Any CPU.ActiveCfg = Debug|Any CPU
		{373E9780-4484-4BD9-8FB4-0035527AC457}.Debug|Any CPU.Build.0 = Debug|Any CPU
		{373E9780-4484-4BD9-8FB4-0035527AC457}.Release|Any CPU.ActiveCfg = Release|Any CPU
		{373E9780-4484-4BD9-8FB4-0035527AC457}.Release|Any CPU.Build.0 = Release|Any CPU
		{86E9666F-FCE8-4F27-B628-1228BDD9DC44}.Debug|Any CPU.ActiveCfg = Debug|Any CPU
		{86E9666F-FCE8-4F27-B628-1228BDD9DC44}.Debug|Any CPU.Build.0 = Debug|Any CPU
		{86E9666F-FCE8-4F27-B628-1228BDD9DC44}.Release|Any CPU.ActiveCfg = Release|Any CPU
		{86E9666F-FCE8-4F27-B628-1228BDD9DC44}.Release|Any CPU.Build.0 = Release|Any CPU
		{269F2A4F-DD57-46DB-B33F-954D5FF718C6}.Debug|Any CPU.ActiveCfg = Debug|Any CPU
		{269F2A4F-DD57-46DB-B33F-954D5FF718C6}.Debug|Any CPU.Build.0 = Debug|Any CPU
		{269F2A4F-DD57-46DB-B33F-954D5FF718C6}.Release|Any CPU.ActiveCfg = Release|Any CPU
		{269F2A4F-DD57-46DB-B33F-954D5FF718C6}.Release|Any CPU.Build.0 = Release|Any CPU
		{182EDE2F-7715-4E18-8BD9-744722EC2765}.Debug|Any CPU.ActiveCfg = Debug|Any CPU
		{182EDE2F-7715-4E18-8BD9-744722EC2765}.Debug|Any CPU.Build.0 = Debug|Any CPU
		{182EDE2F-7715-4E18-8BD9-744722EC2765}.Release|Any CPU.ActiveCfg = Release|Any CPU
		{182EDE2F-7715-4E18-8BD9-744722EC2765}.Release|Any CPU.Build.0 = Release|Any CPU
		{ECDF3A95-670F-4FA4-8249-011A3256CC9A}.Debug|Any CPU.ActiveCfg = Debug|Any CPU
		{ECDF3A95-670F-4FA4-8249-011A3256CC9A}.Debug|Any CPU.Build.0 = Debug|Any CPU
		{ECDF3A95-670F-4FA4-8249-011A3256CC9A}.Release|Any CPU.ActiveCfg = Release|Any CPU
		{ECDF3A95-670F-4FA4-8249-011A3256CC9A}.Release|Any CPU.Build.0 = Release|Any CPU
		{78F6264D-D898-4ADB-B04E-313E7B40952A}.Debug|Any CPU.ActiveCfg = Debug|Any CPU
		{78F6264D-D898-4ADB-B04E-313E7B40952A}.Debug|Any CPU.Build.0 = Debug|Any CPU
		{78F6264D-D898-4ADB-B04E-313E7B40952A}.Release|Any CPU.ActiveCfg = Release|Any CPU
		{78F6264D-D898-4ADB-B04E-313E7B40952A}.Release|Any CPU.Build.0 = Release|Any CPU
		{325442E9-FA1F-420F-A209-E18A9234F2A1}.Debug|Any CPU.ActiveCfg = Debug|Any CPU
		{325442E9-FA1F-420F-A209-E18A9234F2A1}.Debug|Any CPU.Build.0 = Debug|Any CPU
		{325442E9-FA1F-420F-A209-E18A9234F2A1}.Release|Any CPU.ActiveCfg = Release|Any CPU
		{325442E9-FA1F-420F-A209-E18A9234F2A1}.Release|Any CPU.Build.0 = Release|Any CPU
		{B448F313-7C90-44A9-AF5D-8632D3A0B73F}.Debug|Any CPU.ActiveCfg = Debug|Any CPU
		{B448F313-7C90-44A9-AF5D-8632D3A0B73F}.Debug|Any CPU.Build.0 = Debug|Any CPU
		{B448F313-7C90-44A9-AF5D-8632D3A0B73F}.Release|Any CPU.ActiveCfg = Release|Any CPU
		{B448F313-7C90-44A9-AF5D-8632D3A0B73F}.Release|Any CPU.Build.0 = Release|Any CPU
		{A5477977-C743-40F3-80CC-C8BBD9819527}.Debug|Any CPU.ActiveCfg = Debug|Any CPU
		{A5477977-C743-40F3-80CC-C8BBD9819527}.Debug|Any CPU.Build.0 = Debug|Any CPU
		{A5477977-C743-40F3-80CC-C8BBD9819527}.Release|Any CPU.ActiveCfg = Release|Any CPU
		{A5477977-C743-40F3-80CC-C8BBD9819527}.Release|Any CPU.Build.0 = Release|Any CPU
		{D7CABEC8-6AFA-4283-B5D3-2F27229C5323}.Debug|Any CPU.ActiveCfg = Debug|Any CPU
		{D7CABEC8-6AFA-4283-B5D3-2F27229C5323}.Debug|Any CPU.Build.0 = Debug|Any CPU
		{D7CABEC8-6AFA-4283-B5D3-2F27229C5323}.Release|Any CPU.ActiveCfg = Release|Any CPU
		{D7CABEC8-6AFA-4283-B5D3-2F27229C5323}.Release|Any CPU.Build.0 = Release|Any CPU
	EndGlobalSection
	GlobalSection(SolutionProperties) = preSolution
		HideSolutionNode = FALSE
	EndGlobalSection
EndGlobal
