
Microsoft Visual Studio Solution File, Format Version 12.00
# Visual Studio 14
VisualStudioVersion = 14.0.25420.1
MinimumVisualStudioVersion = 10.0.40219.1
Project("{F184B08F-C81C-45F6-A57F-5ABD9991F28F}") = "weberhardex1b1", "weberhardex1b1\weberhardex1b1.vbproj", "{C69C1080-9BE2-41F8-9BAF-D0FC465279E3}"
EndProject
Project("{F184B08F-C81C-45F6-A57F-5ABD9991F28F}") = "weberhardex1c1", "weberhardex1c1\weberhardex1c1.vbproj", "{05C6126C-27CC-40AB-ABEB-ED4842FE58DE}"
EndProject
Project("{F184B08F-C81C-45F6-A57F-5ABD9991F28F}") = "weberhardex1d1", "weberhardex1d1\weberhardex1d1.vbproj", "{7691698E-10E6-4345-BDAA-97C98B4DAACE}"
EndProject
Project("{F184B08F-C81C-45F6-A57F-5ABD9991F28F}") = "weberhardex1e2", "weberhardex1e1\weberhardex1e2.vbproj", "{6561F37D-DF96-41A1-B742-827B6202DC59}"
EndProject
Project("{F184B08F-C81C-45F6-A57F-5ABD9991F28F}") = "weberhardex1f1", "weberhard1f1\weberhardex1f1.vbproj", "{2FB80F41-634F-4FBE-A6AE-553E7264B04C}"
EndProject
Global
	GlobalSection(SolutionConfigurationPlatforms) = preSolution
		Debug|Any CPU = Debug|Any CPU
		Release|Any CPU = Release|Any CPU
	EndGlobalSection
	GlobalSection(ProjectConfigurationPlatforms) = postSolution
		{C69C1080-9BE2-41F8-9BAF-D0FC465279E3}.Debug|Any CPU.ActiveCfg = Debug|Any CPU
		{C69C1080-9BE2-41F8-9BAF-D0FC465279E3}.Debug|Any CPU.Build.0 = Debug|Any CPU
		{C69C1080-9BE2-41F8-9BAF-D0FC465279E3}.Release|Any CPU.ActiveCfg = Release|Any CPU
		{C69C1080-9BE2-41F8-9BAF-D0FC465279E3}.Release|Any CPU.Build.0 = Release|Any CPU
		{05C6126C-27CC-40AB-ABEB-ED4842FE58DE}.Debug|Any CPU.ActiveCfg = Debug|Any CPU
		{05C6126C-27CC-40AB-ABEB-ED4842FE58DE}.Debug|Any CPU.Build.0 = Debug|Any CPU
		{05C6126C-27CC-40AB-ABEB-ED4842FE58DE}.Release|Any CPU.ActiveCfg = Release|Any CPU
		{05C6126C-27CC-40AB-ABEB-ED4842FE58DE}.Release|Any CPU.Build.0 = Release|Any CPU
		{7691698E-10E6-4345-BDAA-97C98B4DAACE}.Debug|Any CPU.ActiveCfg = Debug|Any CPU
		{7691698E-10E6-4345-BDAA-97C98B4DAACE}.Debug|Any CPU.Build.0 = Debug|Any CPU
		{7691698E-10E6-4345-BDAA-97C98B4DAACE}.Release|Any CPU.ActiveCfg = Release|Any CPU
		{7691698E-10E6-4345-BDAA-97C98B4DAACE}.Release|Any CPU.Build.0 = Release|Any CPU
		{6561F37D-DF96-41A1-B742-827B6202DC59}.Debug|Any CPU.ActiveCfg = Debug|Any CPU
		{6561F37D-DF96-41A1-B742-827B6202DC59}.Debug|Any CPU.Build.0 = Debug|Any CPU
		{6561F37D-DF96-41A1-B742-827B6202DC59}.Release|Any CPU.ActiveCfg = Release|Any CPU
		{6561F37D-DF96-41A1-B742-827B6202DC59}.Release|Any CPU.Build.0 = Release|Any CPU
		{2FB80F41-634F-4FBE-A6AE-553E7264B04C}.Debug|Any CPU.ActiveCfg = Debug|Any CPU
		{2FB80F41-634F-4FBE-A6AE-553E7264B04C}.Debug|Any CPU.Build.0 = Debug|Any CPU
		{2FB80F41-634F-4FBE-A6AE-553E7264B04C}.Release|Any CPU.ActiveCfg = Release|Any CPU
		{2FB80F41-634F-4FBE-A6AE-553E7264B04C}.Release|Any CPU.Build.0 = Release|Any CPU
	EndGlobalSection
	GlobalSection(SolutionProperties) = preSolution
		HideSolutionNode = FALSE
	EndGlobalSection
EndGlobal
